<?xml version="1.0" encoding="utf-8"?>
<Project ToolsVersion="4.0" xmlns="http://schemas.microsoft.com/developer/msbuild/2003">
  <ItemGroup>
    <Filter Include="Source Files">
      <UniqueIdentifier>{4FC737F1-C7A5-4376-A066-2A32D752A2FF}</UniqueIdentifier>
      <Extensions>cpp;c;cc;cxx;def;odl;idl;hpj;bat;asm;asmx</Extensions>
    </Filter>
    <Filter Include="Resource Files">
      <UniqueIdentifier>{67DA6AB6-F800-4c08-8B7A-83BB121AAD01}</UniqueIdentifier>
      <Extensions>rc;ico;cur;bmp;dlg;rc2;rct;bin;rgs;gif;jpg;jpeg;jpe;resx;tiff;tif;png;wav;mfcribbon-ms</Extensions>
    </Filter>
    <Filter Include="Source Files\common">
      <UniqueIdentifier>{b04146e4-c29a-4e9c-8628-c95faaaa9442}</UniqueIdentifier>
    </Filter>
    <Filter Include="Source Files\services">
      <UniqueIdentifier>{50d2e637-34d1-4b5d-b81e-f0ad5fc2b3f5}</UniqueIdentifier>
    </Filter>
    <Filter Include="Source Files\services\udp">
      <UniqueIdentifier>{bc603e1b-1b96-4de2-97ee-535660883158}</UniqueIdentifier>
    </Filter>
    <Filter Include="Source Files\include">
      <UniqueIdentifier>{fccdb7ae-d928-45dc-9df7-7af9b6c5a9d7}</UniqueIdentifier>
    </Filter>
    <Filter Include="Source Files\common\coreservices">
      <UniqueIdentifier>{b1955ad2-ffb0-4b30-8e8b-4c4e4f7a20cf}</UniqueIdentifier>
    </Filter>
    <Filter Include="Source Files\services\elfloader">
      <UniqueIdentifier>{0a033dcf-f4ce-4f06-adad-d5cbebd54ae1}</UniqueIdentifier>
    </Filter>
    <Filter Include="Source Files\services\console">
      <UniqueIdentifier>{05ae413a-fb17-42b1-80da-8edf4bb4cbbf}</UniqueIdentifier>
    </Filter>
    <Filter Include="Source Files\services\bus">
      <UniqueIdentifier>{7dddb053-d26d-42cc-9d68-c8fcbecbfc27}</UniqueIdentifier>
    </Filter>
    <Filter Include="Source Files\services\mem">
      <UniqueIdentifier>{a34ba3fc-ffd8-415f-9f4a-ab396b4017c2}</UniqueIdentifier>
    </Filter>
    <Filter Include="Source Files\services\comport">
      <UniqueIdentifier>{0d35729b-606a-4314-9be9-a5bc124e343f}</UniqueIdentifier>
    </Filter>
    <Filter Include="Source Files\services\info">
      <UniqueIdentifier>{58de4624-0c9f-4497-ac18-89f56fe01167}</UniqueIdentifier>
    </Filter>
    <Filter Include="Source Files\services\exec">
      <UniqueIdentifier>{8023e6e2-02b2-49d5-a18d-aacbe717eb86}</UniqueIdentifier>
    </Filter>
    <Filter Include="Source Files\services\exec\cmd">
      <UniqueIdentifier>{dcfb693b-4e74-4844-a550-f7e5bcdb52f9}</UniqueIdentifier>
    </Filter>
  </ItemGroup>
  <ItemGroup>
    <ClCompile Include="..\..\src\common\attribute.cpp">
      <Filter>Source Files\common</Filter>
    </ClCompile>
    <ClCompile Include="..\..\src\common\autobuffer.cpp">
      <Filter>Source Files\common</Filter>
    </ClCompile>
    <ClCompile Include="..\..\src\libdbg64g\api_core.cpp">
      <Filter>Source Files</Filter>
    </ClCompile>
    <ClCompile Include="..\..\src\libdbg64g\api_utils.cpp">
      <Filter>Source Files</Filter>
    </ClCompile>
    <ClCompile Include="..\..\src\libdbg64g\services\udp\edcl.cpp">
      <Filter>Source Files\services\udp</Filter>
    </ClCompile>
    <ClCompile Include="..\..\src\libdbg64g\services\udp\udp.cpp">
      <Filter>Source Files\services\udp</Filter>
    </ClCompile>
    <ClCompile Include="..\..\src\libdbg64g\services\elfloader\elfloader.cpp">
      <Filter>Source Files\services\elfloader</Filter>
    </ClCompile>
    <ClCompile Include="..\..\src\libdbg64g\services\console\console.cpp">
      <Filter>Source Files\services\console</Filter>
    </ClCompile>
    <ClCompile Include="..\..\src\libdbg64g\services\bus\bus.cpp">
      <Filter>Source Files\services\bus</Filter>
    </ClCompile>
    <ClCompile Include="..\..\src\libdbg64g\services\mem\memsim.cpp">
      <Filter>Source Files\services\mem</Filter>
    </ClCompile>
    <ClCompile Include="..\..\src\libdbg64g\services\comport\com_win.cpp">
      <Filter>Source Files\services\comport</Filter>
    </ClCompile>
    <ClCompile Include="..\..\src\libdbg64g\services\comport\comport.cpp">
      <Filter>Source Files\services\comport</Filter>
    </ClCompile>
    <ClCompile Include="..\..\src\libdbg64g\services\info\soc_info.cpp">
      <Filter>Source Files\services\info</Filter>
    </ClCompile>
    <ClCompile Include="..\..\src\libdbg64g\services\console\autocompleter.cpp">
      <Filter>Source Files\services\console</Filter>
    </ClCompile>
    <ClCompile Include="..\..\src\libdbg64g\services\exec\cmdexec.cpp">
      <Filter>Source Files\services\exec</Filter>
    </ClCompile>
    <ClCompile Include="..\..\src\libdbg64g\services\exec\cmd\cmd_loadelf.cpp">
      <Filter>Source Files\services\exec\cmd</Filter>
    </ClCompile>
    <ClCompile Include="..\..\src\libdbg64g\services\exec\cmd\cmd_regs.cpp">
      <Filter>Source Files\services\exec\cmd</Filter>
    </ClCompile>
    <ClCompile Include="..\..\src\libdbg64g\services\exec\cmd\cmd_log.cpp">
      <Filter>Source Files\services\exec\cmd</Filter>
    </ClCompile>
    <ClCompile Include="..\..\src\libdbg64g\services\exec\cmd\cmd_isrunning.cpp">
      <Filter>Source Files\services\exec\cmd</Filter>
    </ClCompile>
    <ClCompile Include="..\..\src\libdbg64g\services\exec\cmd\cmd_reg.cpp">
      <Filter>Source Files\services\exec\cmd</Filter>
    </ClCompile>
    <ClCompile Include="..\..\src\libdbg64g\services\exec\cmd\cmd_read.cpp">
      <Filter>Source Files\services\exec\cmd</Filter>
    </ClCompile>
    <ClCompile Include="..\..\src\libdbg64g\services\exec\cmd\cmd_halt.cpp">
      <Filter>Source Files\services\exec\cmd</Filter>
    </ClCompile>
    <ClCompile Include="..\..\src\libdbg64g\services\exec\cmd\cmd_run.cpp">
      <Filter>Source Files\services\exec\cmd</Filter>
    </ClCompile>
    <ClCompile Include="..\..\src\libdbg64g\services\exec\cmd\cmd_csr.cpp">
      <Filter>Source Files\services\exec\cmd</Filter>
    </ClCompile>
    <ClCompile Include="..\..\src\libdbg64g\services\exec\cmd\cmd_exit.cpp">
      <Filter>Source Files\services\exec\cmd</Filter>
    </ClCompile>
    <ClCompile Include="..\..\src\libdbg64g\services\exec\cmd\cmd_memdump.cpp">
      <Filter>Source Files\services\exec\cmd</Filter>
    </ClCompile>
    <ClCompile Include="..\..\src\libdbg64g\services\exec\cmd\cmd_write.cpp">
      <Filter>Source Files\services\exec\cmd</Filter>
    </ClCompile>
    <ClCompile Include="..\..\src\libdbg64g\services\exec\cmd\cmd_br.cpp">
      <Filter>Source Files\services\exec\cmd</Filter>
    </ClCompile>
    <ClCompile Include="..\..\src\libdbg64g\services\elfloader\srcproc.cpp">
      <Filter>Source Files\services\elfloader</Filter>
    </ClCompile>
    <ClCompile Include="..\..\src\libdbg64g\services\exec\cmd\cmd_cpi.cpp">
      <Filter>Source Files\services\exec\cmd</Filter>
    </ClCompile>
    <ClCompile Include="..\..\src\libdbg64g\services\exec\cmd\cmd_status.cpp">
      <Filter>Source Files\services\exec\cmd</Filter>
    </ClCompile>
    <ClCompile Include="..\..\src\libdbg64g\services\exec\cmd\cmd_reset.cpp">
      <Filter>Source Files\services\exec\cmd</Filter>
    </ClCompile>
  </ItemGroup>
  <ItemGroup>
    <ClInclude Include="..\..\src\common\attribute.h">
      <Filter>Source Files\common</Filter>
    </ClInclude>
    <ClInclude Include="..\..\src\common\autobuffer.h">
      <Filter>Source Files\common</Filter>
    </ClInclude>
    <ClInclude Include="..\..\src\common\iface.h">
      <Filter>Source Files\common</Filter>
    </ClInclude>
    <ClInclude Include="..\..\src\common\iservice.h">
      <Filter>Source Files\common</Filter>
    </ClInclude>
    <ClInclude Include="..\..\src\common\api_utils.h">
      <Filter>Source Files\common</Filter>
    </ClInclude>
    <ClInclude Include="..\..\src\common\iclass.h">
      <Filter>Source Files\common</Filter>
    </ClInclude>
    <ClInclude Include="..\..\src\common\iattr.h">
      <Filter>Source Files\common</Filter>
    </ClInclude>
    <ClInclude Include="..\..\src\common\coreservices\irawlistener.h">
      <Filter>Source Files\common\coreservices</Filter>
    </ClInclude>
    <ClInclude Include="..\..\src\common\coreservices\itap.h">
      <Filter>Source Files\common\coreservices</Filter>
    </ClInclude>
    <ClInclude Include="..\..\src\common\coreservices\iudp.h">
      <Filter>Source Files\common\coreservices</Filter>
    </ClInclude>
    <ClInclude Include="..\..\src\libdbg64g\services\udp\edcl.h">
      <Filter>Source Files\services\udp</Filter>
    </ClInclude>
    <ClInclude Include="..\..\src\libdbg64g\services\udp\udp.h">
      <Filter>Source Files\services\udp</Filter>
    </ClInclude>
    <ClInclude Include="..\..\src\libdbg64g\include\dirent.h">
      <Filter>Source Files\include</Filter>
    </ClInclude>
    <ClInclude Include="..\..\src\common\api_core.h">
      <Filter>Source Files\common</Filter>
    </ClInclude>
    <ClInclude Include="..\..\src\common\coreservices\ielfloader.h">
      <Filter>Source Files\common\coreservices</Filter>
    </ClInclude>
    <ClInclude Include="..\..\src\libdbg64g\services\elfloader\elfloader.h">
      <Filter>Source Files\services\elfloader</Filter>
    </ClInclude>
    <ClInclude Include="..\..\src\libdbg64g\services\elfloader\elf_types.h">
      <Filter>Source Files\services\elfloader</Filter>
    </ClInclude>
    <ClInclude Include="..\..\src\common\coreservices\ikeylistener.h">
      <Filter>Source Files\common\coreservices</Filter>
    </ClInclude>
    <ClInclude Include="..\..\src\libdbg64g\services\console\console.h">
      <Filter>Source Files\services\console</Filter>
    </ClInclude>
    <ClInclude Include="..\..\src\common\api_types.h">
      <Filter>Source Files\common</Filter>
    </ClInclude>
    <ClInclude Include="..\..\src\common\coreservices\ithread.h">
      <Filter>Source Files\common\coreservices</Filter>
    </ClInclude>
    <ClInclude Include="..\..\src\common\coreservices\imemop.h">
      <Filter>Source Files\common\coreservices</Filter>
    </ClInclude>
    <ClInclude Include="..\..\src\common\coreservices\icpuriscv.h">
      <Filter>Source Files\common\coreservices</Filter>
    </ClInclude>
    <ClInclude Include="..\..\src\common\coreservices\iclock.h">
      <Filter>Source Files\common\coreservices</Filter>
    </ClInclude>
    <ClInclude Include="..\..\src\common\coreservices\iclklistener.h">
      <Filter>Source Files\common\coreservices</Filter>
    </ClInclude>
    <ClInclude Include="..\..\src\common\coreservices\iwire.h">
      <Filter>Source Files\common\coreservices</Filter>
    </ClInclude>
    <ClInclude Include="..\..\src\libdbg64g\services\bus\bus.h">
      <Filter>Source Files\services\bus</Filter>
    </ClInclude>
    <ClInclude Include="..\..\src\common\coreservices\ibus.h">
      <Filter>Source Files\common\coreservices</Filter>
    </ClInclude>
    <ClInclude Include="..\..\src\common\ihap.h">
      <Filter>Source Files\common</Filter>
    </ClInclude>
    <ClInclude Include="..\..\src\libdbg64g\services\mem\memsim.h">
      <Filter>Source Files\services\mem</Filter>
    </ClInclude>
    <ClInclude Include="..\..\src\common\coreservices\iserial.h">
      <Filter>Source Files\common\coreservices</Filter>
    </ClInclude>
    <ClInclude Include="..\..\src\common\coreservices\isignal.h" />
    <ClInclude Include="..\..\src\common\coreservices\isignallistener.h" />
    <ClInclude Include="..\..\src\libdbg64g\services\comport\comport.h">
      <Filter>Source Files\services\comport</Filter>
    </ClInclude>
    <ClInclude Include="..\..\src\common\coreservices\iautocomplete.h">
      <Filter>Source Files\common\coreservices</Filter>
    </ClInclude>
    <ClInclude Include="..\..\src\common\coreservices\icmdexec.h">
      <Filter>Source Files\common\coreservices</Filter>
    </ClInclude>
    <ClInclude Include="..\..\src\libdbg64g\services\info\soc_info.h">
      <Filter>Source Files\services\info</Filter>
    </ClInclude>
    <ClInclude Include="..\..\src\common\coreservices\isocinfo.h">
      <Filter>Source Files\common\coreservices</Filter>
    </ClInclude>
    <ClInclude Include="..\..\src\libdbg64g\services\console\autocompleter.h">
      <Filter>Source Files\services\console</Filter>
    </ClInclude>
    <ClInclude Include="..\..\src\common\coreservices\icommand.h">
      <Filter>Source Files\common\coreservices</Filter>
    </ClInclude>
    <ClInclude Include="..\..\src\libdbg64g\services\exec\cmdexec.h">
      <Filter>Source Files\services\exec</Filter>
    </ClInclude>
    <ClInclude Include="..\..\src\libdbg64g\services\exec\cmd\cmd_loadelf.h">
      <Filter>Source Files\services\exec\cmd</Filter>
    </ClInclude>
    <ClInclude Include="..\..\src\libdbg64g\services\exec\cmd\cmd_regs.h">
      <Filter>Source Files\services\exec\cmd</Filter>
    </ClInclude>
    <ClInclude Include="..\..\src\libdbg64g\services\exec\cmd\cmd_log.h">
      <Filter>Source Files\services\exec\cmd</Filter>
    </ClInclude>
    <ClInclude Include="..\..\src\libdbg64g\services\exec\cmd\cmd_isrunning.h">
      <Filter>Source Files\services\exec\cmd</Filter>
    </ClInclude>
    <ClInclude Include="..\..\src\libdbg64g\services\exec\cmd\cmd_reg.h">
      <Filter>Source Files\services\exec\cmd</Filter>
    </ClInclude>
    <ClInclude Include="..\..\src\libdbg64g\services\exec\cmd\cmd_read.h">
      <Filter>Source Files\services\exec\cmd</Filter>
    </ClInclude>
    <ClInclude Include="..\..\src\libdbg64g\services\exec\cmd\cmd_halt.h">
      <Filter>Source Files\services\exec\cmd</Filter>
    </ClInclude>
    <ClInclude Include="..\..\src\libdbg64g\services\exec\cmd\cmd_run.h">
      <Filter>Source Files\services\exec\cmd</Filter>
    </ClInclude>
    <ClInclude Include="..\..\src\libdbg64g\services\exec\cmd\cmd_csr.h">
      <Filter>Source Files\services\exec\cmd</Filter>
    </ClInclude>
    <ClInclude Include="..\..\src\libdbg64g\services\exec\cmd\cmd_exit.h">
      <Filter>Source Files\services\exec\cmd</Filter>
    </ClInclude>
    <ClInclude Include="..\..\src\libdbg64g\services\exec\cmd\cmd_memdump.h">
      <Filter>Source Files\services\exec\cmd</Filter>
    </ClInclude>
    <ClInclude Include="..\..\src\libdbg64g\services\exec\cmd\cmd_write.h">
      <Filter>Source Files\services\exec\cmd</Filter>
    </ClInclude>
    <ClInclude Include="..\..\src\libdbg64g\services\exec\cmd\cmd_br.h">
      <Filter>Source Files\services\exec\cmd</Filter>
    </ClInclude>
    <ClInclude Include="..\..\src\common\coreservices\isrccode.h">
      <Filter>Source Files\common\coreservices</Filter>
    </ClInclude>
    <ClInclude Include="..\..\src\libdbg64g\services\elfloader\srcproc.h">
      <Filter>Source Files\services\elfloader</Filter>
    </ClInclude>
    <ClInclude Include="..\..\src\libdbg64g\services\exec\cmd\cmd_cpi.h">
      <Filter>Source Files\services\exec\cmd</Filter>
    </ClInclude>
    <ClInclude Include="..\..\src\libdbg64g\services\exec\cmd\cmd_status.h">
      <Filter>Source Files\services\exec\cmd</Filter>
    </ClInclude>
    <ClInclude Include="..\..\src\libdbg64g\services\exec\cmd\cmd_reset.h">
      <Filter>Source Files\services\exec\cmd</Filter>
    </ClInclude>
  </ItemGroup>
</Project>