
Microsoft Visual Studio Solution File, Format Version 12.00
# Visual Studio 2013
VisualStudioVersion = 12.0.21005.1
MinimumVisualStudioVersion = 10.0.40219.1
Project("{8BC9CEB8-8B4A-11D0-8D11-00A0C91BC942}") = "nanokernel", "nanokernel\nanokernel.vcxproj", "{449AD2B1-18DB-4E79-A52E-F67F9926649C}"
	ProjectSection(ProjectDependencies) = postProject
		{232D555C-96EC-43B5-891F-CC955F1402B9} = {232D555C-96EC-43B5-891F-CC955F1402B9}
	EndProjectSection
EndProject
Project("{8BC9CEB8-8B4A-11D0-8D11-00A0C91BC942}") = "libhost", "libhost\libhost.vcxproj", "{232D555C-96EC-43B5-891F-CC955F1402B9}"
EndProject
Project("{8BC9CEB8-8B4A-11D0-8D11-00A0C91BC942}") = "kconfig", "kconfig\kconfig.vcxproj", "{BAAA9F6B-24FA-4697-B094-59A641296684}"
EndProject
Global
	GlobalSection(SolutionConfigurationPlatforms) = preSolution
		Debug|Win32 = Debug|Win32
		Release|Win32 = Release|Win32
	EndGlobalSection
	GlobalSection(ProjectConfigurationPlatforms) = postSolution
		{449AD2B1-18DB-4E79-A52E-F67F9926649C}.Debug|Win32.ActiveCfg = Debug|Win32
		{449AD2B1-18DB-4E79-A52E-F67F9926649C}.Debug|Win32.Build.0 = Debug|Win32
		{449AD2B1-18DB-4E79-A52E-F67F9926649C}.Release|Win32.ActiveCfg = Release|Win32
		{449AD2B1-18DB-4E79-A52E-F67F9926649C}.Release|Win32.Build.0 = Release|Win32
		{232D555C-96EC-43B5-891F-CC955F1402B9}.Debug|Win32.ActiveCfg = Debug|Win32
		{232D555C-96EC-43B5-891F-CC955F1402B9}.Debug|Win32.Build.0 = Debug|Win32
		{232D555C-96EC-43B5-891F-CC955F1402B9}.Release|Win32.ActiveCfg = Release|Win32
		{232D555C-96EC-43B5-891F-CC955F1402B9}.Release|Win32.Build.0 = Release|Win32
		{BAAA9F6B-24FA-4697-B094-59A641296684}.Debug|Win32.ActiveCfg = Debug|Win32
		{BAAA9F6B-24FA-4697-B094-59A641296684}.Debug|Win32.Build.0 = Debug|Win32
		{BAAA9F6B-24FA-4697-B094-59A641296684}.Release|Win32.ActiveCfg = Release|Win32
		{BAAA9F6B-24FA-4697-B094-59A641296684}.Release|Win32.Build.0 = Release|Win32
	EndGlobalSection
	GlobalSection(SolutionProperties) = preSolution
		HideSolutionNode = FALSE
	EndGlobalSection
EndGlobal
