<?xml version="1.0" encoding="utf-8"?>
<Project ToolsVersion="4.0" xmlns="http://schemas.microsoft.com/developer/msbuild/2003">
  <ItemGroup>
    <Filter Include="common">
      <UniqueIdentifier>{f5a16e1a-fd0c-436b-9f2e-d8942e1ccf15}</UniqueIdentifier>
    </Filter>
  </ItemGroup>
  <ItemGroup>
    <ClCompile Include="..\..\src\common\attribute.cpp">
      <Filter>common</Filter>
    </ClCompile>
    <ClCompile Include="..\..\src\common\autobuffer.cpp">
      <Filter>common</Filter>
    </ClCompile>
    <ClCompile Include="..\..\src\socsim_plugin\boardsim.cpp" />
    <ClCompile Include="..\..\src\socsim_plugin\plugin_init.cpp" />
    <ClCompile Include="..\..\src\socsim_plugin\gpio.cpp" />
    <ClCompile Include="..\..\src\socsim_plugin\uart.cpp" />
    <ClCompile Include="..\..\src\socsim_plugin\pnp.cpp" />
    <ClCompile Include="..\..\src\socsim_plugin\irqctrl.cpp" />
    <ClCompile Include="..\..\src\socsim_plugin\gnss_stub.cpp" />
    <ClCompile Include="..\..\src\socsim_plugin\dsu.cpp" />
    <ClCompile Include="..\..\src\socsim_plugin\greth.cpp" />
  </ItemGroup>
  <ItemGroup>
    <ClInclude Include="..\..\src\common\api_types.h">
      <Filter>common</Filter>
    </ClInclude>
    <ClInclude Include="..\..\src\common\api_utils.h">
      <Filter>common</Filter>
    </ClInclude>
    <ClInclude Include="..\..\src\common\attribute.h">
      <Filter>common</Filter>
    </ClInclude>
    <ClInclude Include="..\..\src\common\autobuffer.h">
      <Filter>common</Filter>
    </ClInclude>
    <ClInclude Include="..\..\src\common\iattr.h">
      <Filter>common</Filter>
    </ClInclude>
    <ClInclude Include="..\..\src\common\iclass.h">
      <Filter>common</Filter>
    </ClInclude>
    <ClInclude Include="..\..\src\common\iface.h">
      <Filter>common</Filter>
    </ClInclude>
    <ClInclude Include="..\..\src\common\iservice.h">
      <Filter>common</Filter>
    </ClInclude>
    <ClInclude Include="..\..\src\socsim_plugin\boardsim.h" />
    <ClInclude Include="..\..\src\socsim_plugin\ringbuf.h" />
    <ClInclude Include="..\..\src\socsim_plugin\gpio.h" />
    <ClInclude Include="..\..\src\socsim_plugin\uart.h" />
    <ClInclude Include="..\..\src\socsim_plugin\pnp.h" />
    <ClInclude Include="..\..\src\socsim_plugin\irqctrl.h" />
    <ClInclude Include="..\..\src\socsim_plugin\gnss_stub.h" />
    <ClInclude Include="..\..\src\socsim_plugin\fifo.h" />
    <ClInclude Include="..\..\src\socsim_plugin\dsu.h" />
    <ClInclude Include="..\..\src\socsim_plugin\greth.h" />
  </ItemGroup>
</Project>