<?xml version="1.0" encoding="utf-8"?>
<Project ToolsVersion="4.0" xmlns="http://schemas.microsoft.com/developer/msbuild/2003">
  <ItemGroup>
    <Filter Include="common">
      <UniqueIdentifier>{f5a16e1a-fd0c-436b-9f2e-d8942e1ccf15}</UniqueIdentifier>
    </Filter>
    <Filter Include="debug">
      <UniqueIdentifier>{f0346446-c540-4648-b4b9-2093c7e6f488}</UniqueIdentifier>
    </Filter>
    <Filter Include="common\generic">
      <UniqueIdentifier>{ac434595-0cad-43c6-b48a-f0c05e85f7d5}</UniqueIdentifier>
    </Filter>
  </ItemGroup>
  <ItemGroup>
    <ClCompile Include="..\..\src\common\attribute.cpp">
      <Filter>common</Filter>
    </ClCompile>
    <ClCompile Include="..\..\src\common\autobuffer.cpp">
      <Filter>common</Filter>
    </ClCompile>
    <ClCompile Include="..\..\src\socsim_plugin\boardsim.cpp" />
    <ClCompile Include="..\..\src\socsim_plugin\plugin_init.cpp" />
    <ClCompile Include="..\..\src\socsim_plugin\gpio.cpp" />
    <ClCompile Include="..\..\src\socsim_plugin\uart.cpp" />
    <ClCompile Include="..\..\src\socsim_plugin\pnp.cpp" />
    <ClCompile Include="..\..\src\socsim_plugin\irqctrl.cpp" />
    <ClCompile Include="..\..\src\socsim_plugin\gnss_stub.cpp" />
    <ClCompile Include="..\..\src\socsim_plugin\gptimers.cpp" />
    <ClCompile Include="..\..\src\socsim_plugin\rfctrl.cpp" />
    <ClCompile Include="..\..\src\socsim_plugin\fsev2.cpp" />
    <ClCompile Include="..\..\src\socsim_plugin\uartmst.cpp" />
    <ClCompile Include="..\..\src\common\debug\dsu.cpp">
      <Filter>debug</Filter>
    </ClCompile>
    <ClCompile Include="..\..\src\common\debug\greth.cpp">
      <Filter>debug</Filter>
    </ClCompile>
    <ClCompile Include="..\..\src\socsim_plugin\hardreset.cpp" />
    <ClCompile Include="..\..\src\socsim_plugin\fpu_func.cpp" />
    <ClCompile Include="..\..\src\common\generic\mapreg.cpp">
      <Filter>common\generic</Filter>
    </ClCompile>
    <ClCompile Include="..\..\src\common\generic\mem_generic.cpp">
      <Filter>common\generic</Filter>
    </ClCompile>
    <ClCompile Include="..\..\src\common\generic\rmembank_gen1.cpp">
      <Filter>common\generic</Filter>
    </ClCompile>
  </ItemGroup>
  <ItemGroup>
    <ClInclude Include="..\..\src\common\api_types.h">
      <Filter>common</Filter>
    </ClInclude>
    <ClInclude Include="..\..\src\common\attribute.h">
      <Filter>common</Filter>
    </ClInclude>
    <ClInclude Include="..\..\src\common\autobuffer.h">
      <Filter>common</Filter>
    </ClInclude>
    <ClInclude Include="..\..\src\common\iattr.h">
      <Filter>common</Filter>
    </ClInclude>
    <ClInclude Include="..\..\src\common\iclass.h">
      <Filter>common</Filter>
    </ClInclude>
    <ClInclude Include="..\..\src\common\iface.h">
      <Filter>common</Filter>
    </ClInclude>
    <ClInclude Include="..\..\src\common\iservice.h">
      <Filter>common</Filter>
    </ClInclude>
    <ClInclude Include="..\..\src\socsim_plugin\boardsim.h" />
    <ClInclude Include="..\..\src\socsim_plugin\ringbuf.h" />
    <ClInclude Include="..\..\src\socsim_plugin\gpio.h" />
    <ClInclude Include="..\..\src\socsim_plugin\uart.h" />
    <ClInclude Include="..\..\src\socsim_plugin\pnp.h" />
    <ClInclude Include="..\..\src\socsim_plugin\irqctrl.h" />
    <ClInclude Include="..\..\src\socsim_plugin\gnss_stub.h" />
    <ClInclude Include="..\..\src\socsim_plugin\fifo.h" />
    <ClInclude Include="..\..\src\socsim_plugin\gptimers.h" />
    <ClInclude Include="..\..\src\socsim_plugin\rfctrl.h" />
    <ClInclude Include="..\..\src\socsim_plugin\fsev2.h" />
    <ClInclude Include="..\..\src\socsim_plugin\uartmst.h" />
    <ClInclude Include="..\..\src\common\debug\dsu.h">
      <Filter>debug</Filter>
    </ClInclude>
    <ClInclude Include="..\..\src\common\debug\greth.h">
      <Filter>debug</Filter>
    </ClInclude>
    <ClInclude Include="..\..\src\socsim_plugin\hardreset.h" />
    <ClInclude Include="..\..\src\common\debug\dsumap.h">
      <Filter>debug</Filter>
    </ClInclude>
    <ClInclude Include="..\..\src\socsim_plugin\periphmap.h" />
    <ClInclude Include="..\..\src\common\api_core.h">
      <Filter>common</Filter>
    </ClInclude>
    <ClInclude Include="..\..\src\socsim_plugin\fpu_func.h" />
    <ClInclude Include="..\..\src\socsim_plugin\fpu_func_tests.h" />
    <ClInclude Include="..\..\src\common\generic\mapreg.h">
      <Filter>common\generic</Filter>
    </ClInclude>
    <ClInclude Include="..\..\src\common\generic\mem_generic.h">
      <Filter>common\generic</Filter>
    </ClInclude>
    <ClInclude Include="..\..\src\common\generic\rmembank_gen1.h">
      <Filter>common\generic</Filter>
    </ClInclude>
  </ItemGroup>
</Project>