<?xml version="1.0" encoding="utf-8"?>
<Project ToolsVersion="4.0" xmlns="http://schemas.microsoft.com/developer/msbuild/2003">
  <ItemGroup>
    <Filter Include="src">
      <UniqueIdentifier>{4FC737F1-C7A5-4376-A066-2A32D752A2FF}</UniqueIdentifier>
      <Extensions>cpp;c;cc;cxx;def;odl;idl;hpj;bat;asm;asmx</Extensions>
    </Filter>
    <Filter Include="src\dpiwrapper">
      <UniqueIdentifier>{54546c57-2205-4889-9d45-749accebcb86}</UniqueIdentifier>
    </Filter>
    <Filter Include="src\dpiwrapper\utils">
      <UniqueIdentifier>{df13254e-6003-408a-9a77-1bcdd480659b}</UniqueIdentifier>
    </Filter>
  </ItemGroup>
  <ItemGroup>
    <ClCompile Include="..\..\src\dpiwrapper\c_dpi.cpp">
      <Filter>src\dpiwrapper</Filter>
    </ClCompile>
    <ClCompile Include="..\..\src\dpiwrapper\server.cpp">
      <Filter>src\dpiwrapper</Filter>
    </ClCompile>
    <ClCompile Include="..\..\src\dpiwrapper\utils.cpp">
      <Filter>src\dpiwrapper</Filter>
    </ClCompile>
    <ClCompile Include="..\..\src\dpiwrapper\utils\attribute.cpp">
      <Filter>src\dpiwrapper\utils</Filter>
    </ClCompile>
    <ClCompile Include="..\..\src\dpiwrapper\utils\autobuffer.cpp">
      <Filter>src\dpiwrapper\utils</Filter>
    </ClCompile>
    <ClCompile Include="..\..\src\dpiwrapper\utils\ithread.cpp">
      <Filter>src\dpiwrapper\utils</Filter>
    </ClCompile>
    <ClCompile Include="..\..\src\dpiwrapper\client.cpp">
      <Filter>src\dpiwrapper</Filter>
    </ClCompile>
  </ItemGroup>
  <ItemGroup>
    <ClInclude Include="..\..\src\types.h">
      <Filter>src</Filter>
    </ClInclude>
    <ClInclude Include="..\..\src\utils.h">
      <Filter>src</Filter>
    </ClInclude>
    <ClInclude Include="..\..\src\dpiwrapper\c_dpi.h">
      <Filter>src\dpiwrapper</Filter>
    </ClInclude>
    <ClInclude Include="..\..\src\dpiwrapper\server.h">
      <Filter>src\dpiwrapper</Filter>
    </ClInclude>
    <ClInclude Include="..\..\src\dpiwrapper\utils\attribute.h">
      <Filter>src\dpiwrapper\utils</Filter>
    </ClInclude>
    <ClInclude Include="..\..\src\dpiwrapper\utils\autobuffer.h">
      <Filter>src\dpiwrapper\utils</Filter>
    </ClInclude>
    <ClInclude Include="..\..\src\dpiwrapper\utils\iattr.h">
      <Filter>src\dpiwrapper\utils</Filter>
    </ClInclude>
    <ClInclude Include="..\..\src\dpiwrapper\utils\iface.h">
      <Filter>src\dpiwrapper\utils</Filter>
    </ClInclude>
    <ClInclude Include="..\..\src\dpiwrapper\utils\ithread.h">
      <Filter>src\dpiwrapper\utils</Filter>
    </ClInclude>
    <ClInclude Include="..\..\src\dpiwrapper\utils\irawlistener.h">
      <Filter>src\dpiwrapper\utils</Filter>
    </ClInclude>
    <ClInclude Include="..\..\src\dpiwrapper\client.h">
      <Filter>src\dpiwrapper</Filter>
    </ClInclude>
    <ClInclude Include="..\..\src\dpiwrapper\utils\tfifo.h">
      <Filter>src\dpiwrapper\utils</Filter>
    </ClInclude>
    <ClInclude Include="..\..\src\dpiwrapper\utils\icommand.h">
      <Filter>src\dpiwrapper\utils</Filter>
    </ClInclude>
  </ItemGroup>
</Project>