<?xml version="1.0" encoding="utf-8"?>
<Project ToolsVersion="4.0" xmlns="http://schemas.microsoft.com/developer/msbuild/2003">
  <ItemGroup>
    <Filter Include="common">
      <UniqueIdentifier>{f5a16e1a-fd0c-436b-9f2e-d8942e1ccf15}</UniqueIdentifier>
    </Filter>
    <Filter Include="riverlib">
      <UniqueIdentifier>{b1e09510-2732-4933-b253-219182a18f20}</UniqueIdentifier>
    </Filter>
    <Filter Include="riverlib\cache">
      <UniqueIdentifier>{684d9ce8-2ae2-4f03-a11c-9a70ed92a4b9}</UniqueIdentifier>
    </Filter>
    <Filter Include="riverlib\core">
      <UniqueIdentifier>{dba86c01-b99a-43bf-89e5-74e84d5caf30}</UniqueIdentifier>
    </Filter>
    <Filter Include="riverlib\core\arith">
      <UniqueIdentifier>{8f273e09-25d9-45e1-8d49-6a5c8c5a3658}</UniqueIdentifier>
    </Filter>
    <Filter Include="cmds">
      <UniqueIdentifier>{8c05dd08-92e0-45c8-be95-41e56d3537ac}</UniqueIdentifier>
    </Filter>
    <Filter Include="common\generic">
      <UniqueIdentifier>{e330cb6a-a2eb-4c32-99a0-1a991bea7f4e}</UniqueIdentifier>
    </Filter>
    <Filter Include="riverlib\core\fpu_d">
      <UniqueIdentifier>{5ee920ac-0887-4b4f-829e-7d0dfd82aec3}</UniqueIdentifier>
    </Filter>
  </ItemGroup>
  <ItemGroup>
    <ClCompile Include="..\..\src\common\attribute.cpp">
      <Filter>common</Filter>
    </ClCompile>
    <ClCompile Include="..\..\src\common\autobuffer.cpp">
      <Filter>common</Filter>
    </ClCompile>
    <ClCompile Include="..\..\src\cpu_sysc_plugin\plugin_init.cpp" />
    <ClCompile Include="..\..\src\cpu_sysc_plugin\cpu_riscv_rtl.cpp" />
    <ClCompile Include="..\..\src\common\async_tqueue.cpp">
      <Filter>common</Filter>
    </ClCompile>
    <ClCompile Include="..\..\src\cpu_sysc_plugin\rtl_wrapper.cpp" />
    <ClCompile Include="..\..\src\cpu_sysc_plugin\riverlib\river_top.cpp">
      <Filter>riverlib</Filter>
    </ClCompile>
    <ClCompile Include="..\..\src\cpu_sysc_plugin\riverlib\cache\cache_top.cpp">
      <Filter>riverlib\cache</Filter>
    </ClCompile>
    <ClCompile Include="..\..\src\cpu_sysc_plugin\riverlib\core\proc.cpp">
      <Filter>riverlib\core</Filter>
    </ClCompile>
    <ClCompile Include="..\..\src\cpu_sysc_plugin\riverlib\core\decoder.cpp">
      <Filter>riverlib\core</Filter>
    </ClCompile>
    <ClCompile Include="..\..\src\cpu_sysc_plugin\riverlib\core\fetch.cpp">
      <Filter>riverlib\core</Filter>
    </ClCompile>
    <ClCompile Include="..\..\src\cpu_sysc_plugin\riverlib\core\execute.cpp">
      <Filter>riverlib\core</Filter>
    </ClCompile>
    <ClCompile Include="..\..\src\cpu_sysc_plugin\riverlib\cache\icache.cpp">
      <Filter>riverlib\cache</Filter>
    </ClCompile>
    <ClCompile Include="..\..\src\cpu_sysc_plugin\riverlib\core\regibank.cpp">
      <Filter>riverlib\core</Filter>
    </ClCompile>
    <ClCompile Include="..\..\src\cpu_sysc_plugin\riverlib\core\memaccess.cpp">
      <Filter>riverlib\core</Filter>
    </ClCompile>
    <ClCompile Include="..\..\src\cpu_sysc_plugin\riverlib\core\br_predic.cpp">
      <Filter>riverlib\core</Filter>
    </ClCompile>
    <ClCompile Include="..\..\src\cpu_sysc_plugin\riverlib\cache\dcache.cpp">
      <Filter>riverlib\cache</Filter>
    </ClCompile>
    <ClCompile Include="..\..\src\cpu_sysc_plugin\riverlib\core\csr.cpp">
      <Filter>riverlib\core</Filter>
    </ClCompile>
    <ClCompile Include="..\..\src\cpu_sysc_plugin\riverlib\core\arith\int_div.cpp">
      <Filter>riverlib\core\arith</Filter>
    </ClCompile>
    <ClCompile Include="..\..\src\cpu_sysc_plugin\riverlib\core\arith\int_mul.cpp">
      <Filter>riverlib\core\arith</Filter>
    </ClCompile>
    <ClCompile Include="..\..\src\cpu_sysc_plugin\riverlib\core\dbg_port.cpp">
      <Filter>riverlib\core</Filter>
    </ClCompile>
    <ClCompile Include="..\..\src\cpu_sysc_plugin\riverlib\core\arith\shift.cpp">
      <Filter>riverlib\core\arith</Filter>
    </ClCompile>
    <ClCompile Include="..\..\src\cpu_sysc_plugin\riverlib\core\stacktrbuf.cpp">
      <Filter>riverlib\core</Filter>
    </ClCompile>
    <ClCompile Include="..\..\src\common\generic\cmd_br_generic.cpp">
      <Filter>common\generic</Filter>
    </ClCompile>
    <ClCompile Include="..\..\src\common\generic\cmd_reg_generic.cpp">
      <Filter>common\generic</Filter>
    </ClCompile>
    <ClCompile Include="..\..\src\common\generic\cmd_regs_generic.cpp">
      <Filter>common\generic</Filter>
    </ClCompile>
    <ClCompile Include="..\..\src\cpu_sysc_plugin\cmds\cmd_br_riscv.cpp">
      <Filter>cmds</Filter>
    </ClCompile>
    <ClCompile Include="..\..\src\cpu_sysc_plugin\cmds\cmd_csr.cpp">
      <Filter>cmds</Filter>
    </ClCompile>
    <ClCompile Include="..\..\src\cpu_sysc_plugin\riverlib\core\fpu_d\divstage.cpp">
      <Filter>riverlib\core\fpu_d</Filter>
    </ClCompile>
    <ClCompile Include="..\..\src\cpu_sysc_plugin\riverlib\core\fpu_d\idiv53.cpp">
      <Filter>riverlib\core\fpu_d</Filter>
    </ClCompile>
    <ClCompile Include="..\..\src\cpu_sysc_plugin\riverlib\core\regfbank.cpp">
      <Filter>riverlib\core</Filter>
    </ClCompile>
    <ClCompile Include="..\..\src\cpu_sysc_plugin\riverlib\core\fpu_d\fadd_d.cpp">
      <Filter>riverlib\core\fpu_d</Filter>
    </ClCompile>
    <ClCompile Include="..\..\src\cpu_sysc_plugin\riverlib\core\fpu_d\fdiv_d.cpp">
      <Filter>riverlib\core\fpu_d</Filter>
    </ClCompile>
    <ClCompile Include="..\..\src\cpu_sysc_plugin\riverlib\core\fpu_d\fpu_top.cpp">
      <Filter>riverlib\core\fpu_d</Filter>
    </ClCompile>
    <ClCompile Include="..\..\src\cpu_sysc_plugin\riverlib\core\fpu_d\imul53.cpp">
      <Filter>riverlib\core\fpu_d</Filter>
    </ClCompile>
    <ClCompile Include="..\..\src\cpu_sysc_plugin\riverlib\core\fpu_d\fmul_d.cpp">
      <Filter>riverlib\core\fpu_d</Filter>
    </ClCompile>
    <ClCompile Include="..\..\src\cpu_sysc_plugin\riverlib\core\fpu_d\d2l_d.cpp">
      <Filter>riverlib\core\fpu_d</Filter>
    </ClCompile>
  </ItemGroup>
  <ItemGroup>
    <ClInclude Include="..\..\src\common\api_types.h">
      <Filter>common</Filter>
    </ClInclude>
    <ClInclude Include="..\..\src\common\attribute.h">
      <Filter>common</Filter>
    </ClInclude>
    <ClInclude Include="..\..\src\common\autobuffer.h">
      <Filter>common</Filter>
    </ClInclude>
    <ClInclude Include="..\..\src\common\iattr.h">
      <Filter>common</Filter>
    </ClInclude>
    <ClInclude Include="..\..\src\common\iclass.h">
      <Filter>common</Filter>
    </ClInclude>
    <ClInclude Include="..\..\src\common\iface.h">
      <Filter>common</Filter>
    </ClInclude>
    <ClInclude Include="..\..\src\common\iservice.h">
      <Filter>common</Filter>
    </ClInclude>
    <ClInclude Include="..\..\src\cpu_sysc_plugin\cpu_riscv_rtl.h" />
    <ClInclude Include="..\..\src\common\async_tqueue.h">
      <Filter>common</Filter>
    </ClInclude>
    <ClInclude Include="..\..\src\cpu_sysc_plugin\rtl_wrapper.h" />
    <ClInclude Include="..\..\src\cpu_sysc_plugin\riverlib\river_cfg.h">
      <Filter>riverlib</Filter>
    </ClInclude>
    <ClInclude Include="..\..\src\cpu_sysc_plugin\riverlib\river_top.h">
      <Filter>riverlib</Filter>
    </ClInclude>
    <ClInclude Include="..\..\src\cpu_sysc_plugin\riverlib\cache\cache_top.h">
      <Filter>riverlib\cache</Filter>
    </ClInclude>
    <ClInclude Include="..\..\src\cpu_sysc_plugin\riverlib\core\proc.h">
      <Filter>riverlib\core</Filter>
    </ClInclude>
    <ClInclude Include="..\..\src\cpu_sysc_plugin\riverlib\core\decoder.h">
      <Filter>riverlib\core</Filter>
    </ClInclude>
    <ClInclude Include="..\..\src\cpu_sysc_plugin\riverlib\core\fetch.h">
      <Filter>riverlib\core</Filter>
    </ClInclude>
    <ClInclude Include="..\..\src\cpu_sysc_plugin\riverlib\core\execute.h">
      <Filter>riverlib\core</Filter>
    </ClInclude>
    <ClInclude Include="..\..\src\cpu_sysc_plugin\riverlib\cache\icache.h">
      <Filter>riverlib\cache</Filter>
    </ClInclude>
    <ClInclude Include="..\..\src\cpu_sysc_plugin\riverlib\core\regibank.h">
      <Filter>riverlib\core</Filter>
    </ClInclude>
    <ClInclude Include="..\..\src\cpu_sysc_plugin\riverlib\core\memaccess.h">
      <Filter>riverlib\core</Filter>
    </ClInclude>
    <ClInclude Include="..\..\src\cpu_sysc_plugin\riverlib\core\br_predic.h">
      <Filter>riverlib\core</Filter>
    </ClInclude>
    <ClInclude Include="..\..\src\cpu_sysc_plugin\riverlib\cache\dcache.h">
      <Filter>riverlib\cache</Filter>
    </ClInclude>
    <ClInclude Include="..\..\src\cpu_sysc_plugin\riverlib\core\csr.h">
      <Filter>riverlib\core</Filter>
    </ClInclude>
    <ClInclude Include="..\..\src\common\riscv-isa.h">
      <Filter>common</Filter>
    </ClInclude>
    <ClInclude Include="..\..\src\cpu_sysc_plugin\riverlib\core\arith\int_div.h">
      <Filter>riverlib\core\arith</Filter>
    </ClInclude>
    <ClInclude Include="..\..\src\cpu_sysc_plugin\riverlib\core\arith\int_mul.h">
      <Filter>riverlib\core\arith</Filter>
    </ClInclude>
    <ClInclude Include="..\..\src\cpu_sysc_plugin\riverlib\core\dbg_port.h">
      <Filter>riverlib\core</Filter>
    </ClInclude>
    <ClInclude Include="..\..\src\cpu_sysc_plugin\riverlib\core\arith\shift.h">
      <Filter>riverlib\core\arith</Filter>
    </ClInclude>
    <ClInclude Include="..\..\src\cpu_sysc_plugin\riverlib\core\stacktrbuf.h">
      <Filter>riverlib\core</Filter>
    </ClInclude>
    <ClInclude Include="..\..\src\common\generic\cmd_br_generic.h">
      <Filter>common\generic</Filter>
    </ClInclude>
    <ClInclude Include="..\..\src\common\generic\cmd_reg_generic.h">
      <Filter>common\generic</Filter>
    </ClInclude>
    <ClInclude Include="..\..\src\common\generic\cmd_regs_generic.h">
      <Filter>common\generic</Filter>
    </ClInclude>
    <ClInclude Include="..\..\src\cpu_sysc_plugin\cmds\cmd_br_riscv.h">
      <Filter>cmds</Filter>
    </ClInclude>
    <ClInclude Include="..\..\src\cpu_sysc_plugin\cmds\cmd_csr.h">
      <Filter>cmds</Filter>
    </ClInclude>
    <ClInclude Include="..\..\src\cpu_sysc_plugin\cmds\cmd_reg_riscv.h">
      <Filter>cmds</Filter>
    </ClInclude>
    <ClInclude Include="..\..\src\cpu_sysc_plugin\cmds\cmd_regs_riscv.h">
      <Filter>cmds</Filter>
    </ClInclude>
    <ClInclude Include="..\..\src\common\api_core.h">
      <Filter>common</Filter>
    </ClInclude>
    <ClInclude Include="..\..\src\cpu_sysc_plugin\riverlib\core\fpu_d\divstage.h">
      <Filter>riverlib\core\fpu_d</Filter>
    </ClInclude>
    <ClInclude Include="..\..\src\cpu_sysc_plugin\riverlib\core\fpu_d\idiv53.h">
      <Filter>riverlib\core\fpu_d</Filter>
    </ClInclude>
    <ClInclude Include="..\..\src\cpu_sysc_plugin\riverlib\core\regfbank.h">
      <Filter>riverlib\core</Filter>
    </ClInclude>
    <ClInclude Include="..\..\src\cpu_sysc_plugin\riverlib\core\fpu_d\fadd_d.h">
      <Filter>riverlib\core\fpu_d</Filter>
    </ClInclude>
    <ClInclude Include="..\..\src\cpu_sysc_plugin\riverlib\core\fpu_d\fdiv_d.h">
      <Filter>riverlib\core\fpu_d</Filter>
    </ClInclude>
    <ClInclude Include="..\..\src\cpu_sysc_plugin\riverlib\core\fpu_d\fpu_top.h">
      <Filter>riverlib\core\fpu_d</Filter>
    </ClInclude>
    <ClInclude Include="..\..\src\cpu_sysc_plugin\riverlib\core\fpu_d\imul53.h">
      <Filter>riverlib\core\fpu_d</Filter>
    </ClInclude>
    <ClInclude Include="..\..\src\cpu_sysc_plugin\riverlib\core\fpu_d\fmul_d.h">
      <Filter>riverlib\core\fpu_d</Filter>
    </ClInclude>
    <ClInclude Include="..\..\src\cpu_sysc_plugin\riverlib\core\fpu_d\d2l_d.h">
      <Filter>riverlib\core\fpu_d</Filter>
    </ClInclude>
  </ItemGroup>
</Project>