<?xml version="1.0" encoding="utf-8"?>
<Project ToolsVersion="4.0" xmlns="http://schemas.microsoft.com/developer/msbuild/2003">
  <ItemGroup>
    <Filter Include="src">
      <UniqueIdentifier>{67DA6AB6-F800-4c08-8B7A-83BB121AAD01}</UniqueIdentifier>
      <Extensions>rc;ico;cur;bmp;dlg;rc2;rct;bin;rgs;gif;jpg;jpeg;jpe;resx;tiff;tif;png;wav;mfcribbon-ms</Extensions>
    </Filter>
    <Filter Include="src\common">
      <UniqueIdentifier>{666d09d2-d38a-43b0-9066-0e0be2be07c3}</UniqueIdentifier>
    </Filter>
  </ItemGroup>
  <ItemGroup>
    <ClCompile Include="..\src\elfreader.cpp">
      <Filter>src</Filter>
    </ClCompile>
    <ClCompile Include="..\src\main.cpp">
      <Filter>src</Filter>
    </ClCompile>
    <ClCompile Include="..\src\common\attribute.cpp">
      <Filter>src\common</Filter>
    </ClCompile>
    <ClCompile Include="..\src\common\autobuffer.cpp">
      <Filter>src\common</Filter>
    </ClCompile>
  </ItemGroup>
  <ItemGroup>
    <ClInclude Include="..\src\elfreader.h">
      <Filter>src</Filter>
    </ClInclude>
    <ClInclude Include="..\src\elftypes.h">
      <Filter>src</Filter>
    </ClInclude>
    <ClInclude Include="..\src\stdtypes.h">
      <Filter>src</Filter>
    </ClInclude>
    <ClInclude Include="..\src\common\attribute.h">
      <Filter>src\common</Filter>
    </ClInclude>
    <ClInclude Include="..\src\common\autobuffer.h">
      <Filter>src\common</Filter>
    </ClInclude>
    <ClInclude Include="..\src\common\iattr.h">
      <Filter>src\common</Filter>
    </ClInclude>
    <ClInclude Include="..\src\common\iface.h">
      <Filter>src\common</Filter>
    </ClInclude>
  </ItemGroup>
</Project>