<?xml version="1.0" encoding="utf-8"?>
<Project ToolsVersion="4.0" xmlns="http://schemas.microsoft.com/developer/msbuild/2003">
  <ItemGroup>
    <Filter Include="Source Files">
      <UniqueIdentifier>{4FC737F1-C7A5-4376-A066-2A32D752A2FF}</UniqueIdentifier>
      <Extensions>cpp;c;cc;cxx;def;odl;idl;hpj;bat;asm;asmx</Extensions>
    </Filter>
    <Filter Include="Source Files\common">
      <UniqueIdentifier>{b786f8d3-e4d2-401a-8af9-3d93cae8906c}</UniqueIdentifier>
    </Filter>
    <Filter Include="Source Files\common\coreservices">
      <UniqueIdentifier>{e1d6a5c4-2e5a-467f-bc59-cb4cc7a0ed0b}</UniqueIdentifier>
    </Filter>
  </ItemGroup>
  <ItemGroup>
    <ClCompile Include="..\..\src\common\attribute.cpp">
      <Filter>Source Files\common</Filter>
    </ClCompile>
    <ClCompile Include="..\..\src\common\autobuffer.cpp">
      <Filter>Source Files\common</Filter>
    </ClCompile>
    <ClCompile Include="..\..\src\testapp\main.cpp">
      <Filter>Source Files</Filter>
    </ClCompile>
  </ItemGroup>
  <ItemGroup>
    <ClInclude Include="..\..\src\common\iface.h">
      <Filter>Source Files\common</Filter>
    </ClInclude>
    <ClInclude Include="..\..\src\common\attribute.h">
      <Filter>Source Files\common</Filter>
    </ClInclude>
    <ClInclude Include="..\..\src\common\autobuffer.h">
      <Filter>Source Files\common</Filter>
    </ClInclude>
    <ClInclude Include="..\..\src\common\api_utils.h">
      <Filter>Source Files\common</Filter>
    </ClInclude>
    <ClInclude Include="..\..\src\common\api_types.h">
      <Filter>Source Files\common</Filter>
    </ClInclude>
    <ClInclude Include="..\..\src\common\coreservices\iboardsim.h">
      <Filter>Source Files\common\coreservices</Filter>
    </ClInclude>
    <ClInclude Include="..\..\src\common\coreservices\irawlistener.h">
      <Filter>Source Files\common\coreservices</Filter>
    </ClInclude>
    <ClInclude Include="..\..\src\common\coreservices\itap.h">
      <Filter>Source Files\common\coreservices</Filter>
    </ClInclude>
    <ClInclude Include="..\..\src\common\coreservices\iudp.h">
      <Filter>Source Files\common\coreservices</Filter>
    </ClInclude>
    <ClInclude Include="..\..\src\common\api_core.h">
      <Filter>Source Files\common</Filter>
    </ClInclude>
  </ItemGroup>
</Project>