<?xml version="1.0" encoding="utf-8"?>
<Project ToolsVersion="4.0" xmlns="http://schemas.microsoft.com/developer/msbuild/2003">
  <ItemGroup>
    <Filter Include="common">
      <UniqueIdentifier>{f5a16e1a-fd0c-436b-9f2e-d8942e1ccf15}</UniqueIdentifier>
    </Filter>
    <Filter Include="MainWindow">
      <UniqueIdentifier>{0e78e5f9-ec53-44ca-924d-c7b999faf36b}</UniqueIdentifier>
    </Filter>
  </ItemGroup>
  <ItemGroup>
    <ClCompile Include="..\..\src\common\attribute.cpp">
      <Filter>common</Filter>
    </ClCompile>
    <ClCompile Include="..\..\src\common\autobuffer.cpp">
      <Filter>common</Filter>
    </ClCompile>
    <ClCompile Include="..\..\src\gui_plugin\gui_plugin.cpp" />
    <ClCompile Include="..\..\src\gui_plugin\MainWindow\DbgMainWindow.cpp">
      <Filter>MainWindow</Filter>
    </ClCompile>
  </ItemGroup>
  <ItemGroup>
    <ClInclude Include="..\..\src\common\api_types.h">
      <Filter>common</Filter>
    </ClInclude>
    <ClInclude Include="..\..\src\common\api_utils.h">
      <Filter>common</Filter>
    </ClInclude>
    <ClInclude Include="..\..\src\common\attribute.h">
      <Filter>common</Filter>
    </ClInclude>
    <ClInclude Include="..\..\src\common\autobuffer.h">
      <Filter>common</Filter>
    </ClInclude>
    <ClInclude Include="..\..\src\common\iattr.h">
      <Filter>common</Filter>
    </ClInclude>
    <ClInclude Include="..\..\src\common\iclass.h">
      <Filter>common</Filter>
    </ClInclude>
    <ClInclude Include="..\..\src\common\iface.h">
      <Filter>common</Filter>
    </ClInclude>
    <ClInclude Include="..\..\src\common\iservice.h">
      <Filter>common</Filter>
    </ClInclude>
    <ClInclude Include="..\..\src\gui_plugin\igui.h" />
    <ClInclude Include="..\..\src\gui_plugin\gui_plugin.h" />
    <ClInclude Include="..\..\src\gui_plugin\MainWindow\DbgMainWindow.h">
      <Filter>MainWindow</Filter>
    </ClInclude>
  </ItemGroup>
</Project>