<?xml version="1.0" encoding="utf-8"?>
<Project ToolsVersion="4.0" xmlns="http://schemas.microsoft.com/developer/msbuild/2003">
  <ItemGroup>
    <Filter Include="common">
      <UniqueIdentifier>{f5a16e1a-fd0c-436b-9f2e-d8942e1ccf15}</UniqueIdentifier>
    </Filter>
    <Filter Include="MainWindow">
      <UniqueIdentifier>{0e78e5f9-ec53-44ca-924d-c7b999faf36b}</UniqueIdentifier>
    </Filter>
    <Filter Include="PeriphWidgets">
      <UniqueIdentifier>{3580c681-f78c-4191-af06-26b34163ce9e}</UniqueIdentifier>
    </Filter>
    <Filter Include="ControlWidget">
      <UniqueIdentifier>{eb6312ac-f6ac-499e-86c1-47d8714b3d97}</UniqueIdentifier>
    </Filter>
    <Filter Include="CpuWidget">
      <UniqueIdentifier>{a0abd6c8-969c-4b70-88c7-cf1434f63f1b}</UniqueIdentifier>
    </Filter>
  </ItemGroup>
  <ItemGroup>
    <ClCompile Include="..\..\src\common\attribute.cpp">
      <Filter>common</Filter>
    </ClCompile>
    <ClCompile Include="..\..\src\common\autobuffer.cpp">
      <Filter>common</Filter>
    </ClCompile>
    <ClCompile Include="..\..\src\gui_plugin\gui_plugin.cpp" />
    <ClCompile Include="..\..\src\gui_plugin\MainWindow\DbgMainWindow.cpp">
      <Filter>MainWindow</Filter>
    </ClCompile>
    <ClCompile Include="..\..\src\gui_plugin\MainWindow\MdiAreaWidget.cpp">
      <Filter>MainWindow</Filter>
    </ClCompile>
    <ClCompile Include="..\..\src\gui_plugin\PeriphWidgets\GpioWidget.cpp">
      <Filter>PeriphWidgets</Filter>
    </ClCompile>
    <ClCompile Include="..\..\src\gui_plugin\ControlWidget\ConsoleWidget.cpp">
      <Filter>ControlWidget</Filter>
    </ClCompile>
    <ClCompile Include="..\..\src\gui_plugin\PeriphWidgets\UartWidget.cpp">
      <Filter>PeriphWidgets</Filter>
    </ClCompile>
    <ClCompile Include="..\..\src\gui_plugin\CpuWidgets\RegsViewWidget.cpp">
      <Filter>CpuWidget</Filter>
    </ClCompile>
    <ClCompile Include="..\..\src\gui_plugin\CpuWidgets\RegWidget.cpp">
      <Filter>CpuWidget</Filter>
    </ClCompile>
  </ItemGroup>
  <ItemGroup>
    <ClInclude Include="..\..\src\common\api_types.h">
      <Filter>common</Filter>
    </ClInclude>
    <ClInclude Include="..\..\src\common\api_utils.h">
      <Filter>common</Filter>
    </ClInclude>
    <ClInclude Include="..\..\src\common\attribute.h">
      <Filter>common</Filter>
    </ClInclude>
    <ClInclude Include="..\..\src\common\autobuffer.h">
      <Filter>common</Filter>
    </ClInclude>
    <ClInclude Include="..\..\src\common\iattr.h">
      <Filter>common</Filter>
    </ClInclude>
    <ClInclude Include="..\..\src\common\iclass.h">
      <Filter>common</Filter>
    </ClInclude>
    <ClInclude Include="..\..\src\common\iface.h">
      <Filter>common</Filter>
    </ClInclude>
    <ClInclude Include="..\..\src\common\iservice.h">
      <Filter>common</Filter>
    </ClInclude>
    <ClInclude Include="..\..\src\gui_plugin\igui.h" />
    <ClInclude Include="..\..\src\gui_plugin\gui_plugin.h" />
    <ClInclude Include="..\..\src\gui_plugin\MainWindow\DbgMainWindow.h">
      <Filter>MainWindow</Filter>
    </ClInclude>
    <ClInclude Include="..\..\src\gui_plugin\MainWindow\MdiAreaWidget.h">
      <Filter>MainWindow</Filter>
    </ClInclude>
    <ClInclude Include="..\..\src\gui_plugin\MainWindow\moc_MdiAreaWidget.h">
      <Filter>MainWindow</Filter>
    </ClInclude>
    <ClInclude Include="..\..\src\gui_plugin\PeriphWidgets\GpioWidget.h">
      <Filter>PeriphWidgets</Filter>
    </ClInclude>
    <ClInclude Include="..\..\src\gui_plugin\PeriphWidgets\moc_GpioWidget.h">
      <Filter>PeriphWidgets</Filter>
    </ClInclude>
    <ClInclude Include="..\..\src\gui_plugin\ControlWidget\ConsoleWidget.h">
      <Filter>ControlWidget</Filter>
    </ClInclude>
    <ClInclude Include="..\..\src\gui_plugin\ControlWidget\moc_ConsoleWidget.h">
      <Filter>ControlWidget</Filter>
    </ClInclude>
    <ClInclude Include="..\..\src\gui_plugin\PeriphWidgets\moc_UartWidget.h">
      <Filter>PeriphWidgets</Filter>
    </ClInclude>
    <ClInclude Include="..\..\src\gui_plugin\PeriphWidgets\UartWidget.h">
      <Filter>PeriphWidgets</Filter>
    </ClInclude>
    <ClInclude Include="..\..\src\gui_plugin\CpuWidgets\moc_RegsViewWidget.h">
      <Filter>CpuWidget</Filter>
    </ClInclude>
    <ClInclude Include="..\..\src\gui_plugin\CpuWidgets\moc_RegWidget.h">
      <Filter>CpuWidget</Filter>
    </ClInclude>
    <ClInclude Include="..\..\src\gui_plugin\CpuWidgets\RegsViewWidget.h">
      <Filter>CpuWidget</Filter>
    </ClInclude>
    <ClInclude Include="..\..\src\gui_plugin\CpuWidgets\RegWidget.h">
      <Filter>CpuWidget</Filter>
    </ClInclude>
    <ClInclude Include="..\..\src\gui_plugin\MainWindow\UnclosableQMdiSubWindow.h">
      <Filter>MainWindow</Filter>
    </ClInclude>
    <ClInclude Include="..\..\src\gui_plugin\MainWindow\moc_UnclosableQMdiSubWindow.h">
      <Filter>MainWindow</Filter>
    </ClInclude>
  </ItemGroup>
</Project>